
Microsoft Visual Studio Solution File, Format Version 12.00
# Visual Studio Version 16
VisualStudioVersion = 16.0.31605.320
MinimumVisualStudioVersion = 10.0.40219.1
Project("{FAE04EC0-301F-11D3-BF4B-00C04F79EFBC}") = "clcpu-64", "clcpu-64.csproj", "{4EDF9674-1BEF-44AA-A517-FABD35274012}"
EndProject
Global
	GlobalSection(SolutionConfigurationPlatforms) = preSolution
		Debug|Any CPU = Debug|Any CPU
		Release|Any CPU = Release|Any CPU
	EndGlobalSection
	GlobalSection(ProjectConfigurationPlatforms) = postSolution
		{4EDF9674-1BEF-44AA-A517-FABD35274012}.Debug|Any CPU.ActiveCfg = Debug|Any CPU
		{4EDF9674-1BEF-44AA-A517-FABD35274012}.Debug|Any CPU.Build.0 = Debug|Any CPU
		{4EDF9674-1BEF-44AA-A517-FABD35274012}.Release|Any CPU.ActiveCfg = Release|Any CPU
		{4EDF9674-1BEF-44AA-A517-FABD35274012}.Release|Any CPU.Build.0 = Release|Any CPU
	EndGlobalSection
	GlobalSection(SolutionProperties) = preSolution
		HideSolutionNode = FALSE
	EndGlobalSection
	GlobalSection(ExtensibilityGlobals) = postSolution
		SolutionGuid = {1AAF6F6C-3BE9-4A04-BC54-C9D5989A1191}
	EndGlobalSection
EndGlobal
